// !$*UTF8*$!
{
	archiveVersion = 1;
	classes = {
	};
	objectVersion = 50;
	objects = {

/* Begin PBXBuildFile section */
		3FCD2A082253EA800048B140 /* AppDelegate.swift in Sources */ = {isa = PBXBuildFile; fileRef = 3FCD2A072253EA800048B140 /* AppDelegate.swift */; };
		3FCD2A0A2253EA800048B140 /* Scene.sks in Resources */ = {isa = PBXBuildFile; fileRef = 3FCD2A092253EA800048B140 /* Scene.sks */; };
		3FCD2A0C2253EA800048B140 /* Scene.swift in Sources */ = {isa = PBXBuildFile; fileRef = 3FCD2A0B2253EA800048B140 /* Scene.swift */; };
		3FCD2A0E2253EA800048B140 /* ViewController.swift in Sources */ = {isa = PBXBuildFile; fileRef = 3FCD2A0D2253EA800048B140 /* ViewController.swift */; };
		3FCD2A112253EA800048B140 /* Main.storyboard in Resources */ = {isa = PBXBuildFile; fileRef = 3FCD2A0F2253EA800048B140 /* Main.storyboard */; };
		3FCD2A132253EA820048B140 /* Assets.xcassets in Resources */ = {isa = PBXBuildFile; fileRef = 3FCD2A122253EA820048B140 /* Assets.xcassets */; };
		3FCD2A162253EA820048B140 /* LaunchScreen.storyboard in Resources */ = {isa = PBXBuildFile; fileRef = 3FCD2A142253EA820048B140 /* LaunchScreen.storyboard */; };
		3FCD2A212253EA820048B140 /* iNavigateTests.swift in Sources */ = {isa = PBXBuildFile; fileRef = 3FCD2A202253EA820048B140 /* iNavigateTests.swift */; };
		3FCD2A2C2253EA820048B140 /* iNavigateUITests.swift in Sources */ = {isa = PBXBuildFile; fileRef = 3FCD2A2B2253EA820048B140 /* iNavigateUITests.swift */; };
/* End PBXBuildFile section */

/* Begin PBXContainerItemProxy section */
		3FCD2A1D2253EA820048B140 /* PBXContainerItemProxy */ = {
			isa = PBXContainerItemProxy;
			containerPortal = 3FCD29FC2253EA800048B140 /* Project object */;
			proxyType = 1;
			remoteGlobalIDString = 3FCD2A032253EA800048B140;
			remoteInfo = iNavigate;
		};
		3FCD2A282253EA820048B140 /* PBXContainerItemProxy */ = {
			isa = PBXContainerItemProxy;
			containerPortal = 3FCD29FC2253EA800048B140 /* Project object */;
			proxyType = 1;
			remoteGlobalIDString = 3FCD2A032253EA800048B140;
			remoteInfo = iNavigate;
		};
/* End PBXContainerItemProxy section */

/* Begin PBXFileReference section */
		3FCD2A042253EA800048B140 /* iNavigate.app */ = {isa = PBXFileReference; explicitFileType = wrapper.application; includeInIndex = 0; path = iNavigate.app; sourceTree = BUILT_PRODUCTS_DIR; };
		3FCD2A072253EA800048B140 /* AppDelegate.swift */ = {isa = PBXFileReference; lastKnownFileType = sourcecode.swift; path = AppDelegate.swift; sourceTree = "<group>"; };
		3FCD2A092253EA800048B140 /* Scene.sks */ = {isa = PBXFileReference; lastKnownFileType = file.sks; path = Scene.sks; sourceTree = "<group>"; };
		3FCD2A0B2253EA800048B140 /* Scene.swift */ = {isa = PBXFileReference; lastKnownFileType = sourcecode.swift; path = Scene.swift; sourceTree = "<group>"; };
		3FCD2A0D2253EA800048B140 /* ViewController.swift */ = {isa = PBXFileReference; lastKnownFileType = sourcecode.swift; path = ViewController.swift; sourceTree = "<group>"; };
		3FCD2A102253EA800048B140 /* Base */ = {isa = PBXFileReference; lastKnownFileType = file.storyboard; name = Base; path = Base.lproj/Main.storyboard; sourceTree = "<group>"; };
		3FCD2A122253EA820048B140 /* Assets.xcassets */ = {isa = PBXFileReference; lastKnownFileType = folder.assetcatalog; path = Assets.xcassets; sourceTree = "<group>"; };
		3FCD2A152253EA820048B140 /* Base */ = {isa = PBXFileReference; lastKnownFileType = file.storyboard; name = Base; path = Base.lproj/LaunchScreen.storyboard; sourceTree = "<group>"; };
		3FCD2A172253EA820048B140 /* Info.plist */ = {isa = PBXFileReference; lastKnownFileType = text.plist.xml; path = Info.plist; sourceTree = "<group>"; };
		3FCD2A1C2253EA820048B140 /* iNavigateTests.xctest */ = {isa = PBXFileReference; explicitFileType = wrapper.cfbundle; includeInIndex = 0; path = iNavigateTests.xctest; sourceTree = BUILT_PRODUCTS_DIR; };
		3FCD2A202253EA820048B140 /* iNavigateTests.swift */ = {isa = PBXFileReference; lastKnownFileType = sourcecode.swift; path = iNavigateTests.swift; sourceTree = "<group>"; };
		3FCD2A222253EA820048B140 /* Info.plist */ = {isa = PBXFileReference; lastKnownFileType = text.plist.xml; path = Info.plist; sourceTree = "<group>"; };
		3FCD2A272253EA820048B140 /* iNavigateUITests.xctest */ = {isa = PBXFileReference; explicitFileType = wrapper.cfbundle; includeInIndex = 0; path = iNavigateUITests.xctest; sourceTree = BUILT_PRODUCTS_DIR; };
		3FCD2A2B2253EA820048B140 /* iNavigateUITests.swift */ = {isa = PBXFileReference; lastKnownFileType = sourcecode.swift; path = iNavigateUITests.swift; sourceTree = "<group>"; };
		3FCD2A2D2253EA820048B140 /* Info.plist */ = {isa = PBXFileReference; lastKnownFileType = text.plist.xml; path = Info.plist; sourceTree = "<group>"; };
/* End PBXFileReference section */

/* Begin PBXFrameworksBuildPhase section */
		3FCD2A012253EA800048B140 /* Frameworks */ = {
			isa = PBXFrameworksBuildPhase;
			buildActionMask = 2147483647;
			files = (
			);
			runOnlyForDeploymentPostprocessing = 0;
		};
		3FCD2A192253EA820048B140 /* Frameworks */ = {
			isa = PBXFrameworksBuildPhase;
			buildActionMask = 2147483647;
			files = (
			);
			runOnlyForDeploymentPostprocessing = 0;
		};
		3FCD2A242253EA820048B140 /* Frameworks */ = {
			isa = PBXFrameworksBuildPhase;
			buildActionMask = 2147483647;
			files = (
			);
			runOnlyForDeploymentPostprocessing = 0;
		};
/* End PBXFrameworksBuildPhase section */

/* Begin PBXGroup section */
		3FCD29FB2253EA800048B140 = {
			isa = PBXGroup;
			children = (
				3FCD2A062253EA800048B140 /* iNavigate */,
				3FCD2A1F2253EA820048B140 /* iNavigateTests */,
				3FCD2A2A2253EA820048B140 /* iNavigateUITests */,
				3FCD2A052253EA800048B140 /* Products */,
			);
			sourceTree = "<group>";
		};
		3FCD2A052253EA800048B140 /* Products */ = {
			isa = PBXGroup;
			children = (
				3FCD2A042253EA800048B140 /* iNavigate.app */,
				3FCD2A1C2253EA820048B140 /* iNavigateTests.xctest */,
				3FCD2A272253EA820048B140 /* iNavigateUITests.xctest */,
			);
			name = Products;
			sourceTree = "<group>";
		};
		3FCD2A062253EA800048B140 /* iNavigate */ = {
			isa = PBXGroup;
			children = (
				3FCD2A072253EA800048B140 /* AppDelegate.swift */,
				3FCD2A092253EA800048B140 /* Scene.sks */,
				3FCD2A0B2253EA800048B140 /* Scene.swift */,
				3FCD2A0D2253EA800048B140 /* ViewController.swift */,
				3FCD2A0F2253EA800048B140 /* Main.storyboard */,
				3FCD2A122253EA820048B140 /* Assets.xcassets */,
				3FCD2A142253EA820048B140 /* LaunchScreen.storyboard */,
				3FCD2A172253EA820048B140 /* Info.plist */,
			);
			path = iNavigate;
			sourceTree = "<group>";
		};
		3FCD2A1F2253EA820048B140 /* iNavigateTests */ = {
			isa = PBXGroup;
			children = (
				3FCD2A202253EA820048B140 /* iNavigateTests.swift */,
				3FCD2A222253EA820048B140 /* Info.plist */,
			);
			path = iNavigateTests;
			sourceTree = "<group>";
		};
		3FCD2A2A2253EA820048B140 /* iNavigateUITests */ = {
			isa = PBXGroup;
			children = (
				3FCD2A2B2253EA820048B140 /* iNavigateUITests.swift */,
				3FCD2A2D2253EA820048B140 /* Info.plist */,
			);
			path = iNavigateUITests;
			sourceTree = "<group>";
		};
/* End PBXGroup section */

/* Begin PBXNativeTarget section */
		3FCD2A032253EA800048B140 /* iNavigate */ = {
			isa = PBXNativeTarget;
			buildConfigurationList = 3FCD2A302253EA820048B140 /* Build configuration list for PBXNativeTarget "iNavigate" */;
			buildPhases = (
				3FCD2A002253EA800048B140 /* Sources */,
				3FCD2A012253EA800048B140 /* Frameworks */,
				3FCD2A022253EA800048B140 /* Resources */,
			);
			buildRules = (
			);
			dependencies = (
			);
			name = iNavigate;
			productName = iNavigate;
			productReference = 3FCD2A042253EA800048B140 /* iNavigate.app */;
			productType = "com.apple.product-type.application";
		};
		3FCD2A1B2253EA820048B140 /* iNavigateTests */ = {
			isa = PBXNativeTarget;
			buildConfigurationList = 3FCD2A332253EA820048B140 /* Build configuration list for PBXNativeTarget "iNavigateTests" */;
			buildPhases = (
				3FCD2A182253EA820048B140 /* Sources */,
				3FCD2A192253EA820048B140 /* Frameworks */,
				3FCD2A1A2253EA820048B140 /* Resources */,
			);
			buildRules = (
			);
			dependencies = (
				3FCD2A1E2253EA820048B140 /* PBXTargetDependency */,
			);
			name = iNavigateTests;
			productName = iNavigateTests;
			productReference = 3FCD2A1C2253EA820048B140 /* iNavigateTests.xctest */;
			productType = "com.apple.product-type.bundle.unit-test";
		};
		3FCD2A262253EA820048B140 /* iNavigateUITests */ = {
			isa = PBXNativeTarget;
			buildConfigurationList = 3FCD2A362253EA820048B140 /* Build configuration list for PBXNativeTarget "iNavigateUITests" */;
			buildPhases = (
				3FCD2A232253EA820048B140 /* Sources */,
				3FCD2A242253EA820048B140 /* Frameworks */,
				3FCD2A252253EA820048B140 /* Resources */,
			);
			buildRules = (
			);
			dependencies = (
				3FCD2A292253EA820048B140 /* PBXTargetDependency */,
			);
			name = iNavigateUITests;
			productName = iNavigateUITests;
			productReference = 3FCD2A272253EA820048B140 /* iNavigateUITests.xctest */;
			productType = "com.apple.product-type.bundle.ui-testing";
		};
/* End PBXNativeTarget section */

/* Begin PBXProject section */
		3FCD29FC2253EA800048B140 /* Project object */ = {
			isa = PBXProject;
			attributes = {
				LastSwiftUpdateCheck = 1020;
				LastUpgradeCheck = 1020;
				ORGANIZATIONNAME = "Smith-Kettlewell Eye Research Institute";
				TargetAttributes = {
					3FCD2A032253EA800048B140 = {
						CreatedOnToolsVersion = 10.2;
					};
					3FCD2A1B2253EA820048B140 = {
						CreatedOnToolsVersion = 10.2;
						TestTargetID = 3FCD2A032253EA800048B140;
					};
					3FCD2A262253EA820048B140 = {
						CreatedOnToolsVersion = 10.2;
						TestTargetID = 3FCD2A032253EA800048B140;
					};
				};
			};
			buildConfigurationList = 3FCD29FF2253EA800048B140 /* Build configuration list for PBXProject "iNavigate" */;
			compatibilityVersion = "Xcode 9.3";
			developmentRegion = en;
			hasScannedForEncodings = 0;
			knownRegions = (
				en,
				Base,
			);
			mainGroup = 3FCD29FB2253EA800048B140;
			productRefGroup = 3FCD2A052253EA800048B140 /* Products */;
			projectDirPath = "";
			projectRoot = "";
			targets = (
				3FCD2A032253EA800048B140 /* iNavigate */,
				3FCD2A1B2253EA820048B140 /* iNavigateTests */,
				3FCD2A262253EA820048B140 /* iNavigateUITests */,
			);
		};
/* End PBXProject section */

/* Begin PBXResourcesBuildPhase section */
		3FCD2A022253EA800048B140 /* Resources */ = {
			isa = PBXResourcesBuildPhase;
			buildActionMask = 2147483647;
			files = (
				3FCD2A0A2253EA800048B140 /* Scene.sks in Resources */,
				3FCD2A162253EA820048B140 /* LaunchScreen.storyboard in Resources */,
				3FCD2A132253EA820048B140 /* Assets.xcassets in Resources */,
				3FCD2A112253EA800048B140 /* Main.storyboard in Resources */,
			);
			runOnlyForDeploymentPostprocessing = 0;
		};
		3FCD2A1A2253EA820048B140 /* Resources */ = {
			isa = PBXResourcesBuildPhase;
			buildActionMask = 2147483647;
			files = (
			);
			runOnlyForDeploymentPostprocessing = 0;
		};
		3FCD2A252253EA820048B140 /* Resources */ = {
			isa = PBXResourcesBuildPhase;
			buildActionMask = 2147483647;
			files = (
			);
			runOnlyForDeploymentPostprocessing = 0;
		};
/* End PBXResourcesBuildPhase section */

/* Begin PBXSourcesBuildPhase section */
		3FCD2A002253EA800048B140 /* Sources */ = {
			isa = PBXSourcesBuildPhase;
			buildActionMask = 2147483647;
			files = (
				3FCD2A0E2253EA800048B140 /* ViewController.swift in Sources */,
				3FCD2A0C2253EA800048B140 /* Scene.swift in Sources */,
				3FCD2A082253EA800048B140 /* AppDelegate.swift in Sources */,
			);
			runOnlyForDeploymentPostprocessing = 0;
		};
		3FCD2A182253EA820048B140 /* Sources */ = {
			isa = PBXSourcesBuildPhase;
			buildActionMask = 2147483647;
			files = (
				3FCD2A212253EA820048B140 /* iNavigateTests.swift in Sources */,
			);
			runOnlyForDeploymentPostprocessing = 0;
		};
		3FCD2A232253EA820048B140 /* Sources */ = {
			isa = PBXSourcesBuildPhase;
			buildActionMask = 2147483647;
			files = (
				3FCD2A2C2253EA820048B140 /* iNavigateUITests.swift in Sources */,
			);
			runOnlyForDeploymentPostprocessing = 0;
		};
/* End PBXSourcesBuildPhase section */

/* Begin PBXTargetDependency section */
		3FCD2A1E2253EA820048B140 /* PBXTargetDependency */ = {
			isa = PBXTargetDependency;
			target = 3FCD2A032253EA800048B140 /* iNavigate */;
			targetProxy = 3FCD2A1D2253EA820048B140 /* PBXContainerItemProxy */;
		};
		3FCD2A292253EA820048B140 /* PBXTargetDependency */ = {
			isa = PBXTargetDependency;
			target = 3FCD2A032253EA800048B140 /* iNavigate */;
			targetProxy = 3FCD2A282253EA820048B140 /* PBXContainerItemProxy */;
		};
/* End PBXTargetDependency section */

/* Begin PBXVariantGroup section */
		3FCD2A0F2253EA800048B140 /* Main.storyboard */ = {
			isa = PBXVariantGroup;
			children = (
				3FCD2A102253EA800048B140 /* Base */,
			);
			name = Main.storyboard;
			sourceTree = "<group>";
		};
		3FCD2A142253EA820048B140 /* LaunchScreen.storyboard */ = {
			isa = PBXVariantGroup;
			children = (
				3FCD2A152253EA820048B140 /* Base */,
			);
			name = LaunchScreen.storyboard;
			sourceTree = "<group>";
		};
/* End PBXVariantGroup section */

/* Begin XCBuildConfiguration section */
		3FCD2A2E2253EA820048B140 /* Debug */ = {
			isa = XCBuildConfiguration;
			buildSettings = {
				ALWAYS_SEARCH_USER_PATHS = NO;
				CLANG_ANALYZER_NONNULL = YES;
				CLANG_ANALYZER_NUMBER_OBJECT_CONVERSION = YES_AGGRESSIVE;
				CLANG_CXX_LANGUAGE_STANDARD = "gnu++14";
				CLANG_CXX_LIBRARY = "libc++";
				CLANG_ENABLE_MODULES = YES;
				CLANG_ENABLE_OBJC_ARC = YES;
				CLANG_ENABLE_OBJC_WEAK = YES;
				CLANG_WARN_BLOCK_CAPTURE_AUTORELEASING = YES;
				CLANG_WARN_BOOL_CONVERSION = YES;
				CLANG_WARN_COMMA = YES;
				CLANG_WARN_CONSTANT_CONVERSION = YES;
				CLANG_WARN_DEPRECATED_OBJC_IMPLEMENTATIONS = YES;
				CLANG_WARN_DIRECT_OBJC_ISA_USAGE = YES_ERROR;
				CLANG_WARN_DOCUMENTATION_COMMENTS = YES;
				CLANG_WARN_EMPTY_BODY = YES;
				CLANG_WARN_ENUM_CONVERSION = YES;
				CLANG_WARN_INFINITE_RECURSION = YES;
				CLANG_WARN_INT_CONVERSION = YES;
				CLANG_WARN_NON_LITERAL_NULL_CONVERSION = YES;
				CLANG_WARN_OBJC_IMPLICIT_RETAIN_SELF = YES;
				CLANG_WARN_OBJC_LITERAL_CONVERSION = YES;
				CLANG_WARN_OBJC_ROOT_CLASS = YES_ERROR;
				CLANG_WARN_RANGE_LOOP_ANALYSIS = YES;
				CLANG_WARN_STRICT_PROTOTYPES = YES;
				CLANG_WARN_SUSPICIOUS_MOVE = YES;
				CLANG_WARN_UNGUARDED_AVAILABILITY = YES_AGGRESSIVE;
				CLANG_WARN_UNREACHABLE_CODE = YES;
				CLANG_WARN__DUPLICATE_METHOD_MATCH = YES;
				CODE_SIGN_IDENTITY = "iPhone Developer";
				COPY_PHASE_STRIP = NO;
				DEBUG_INFORMATION_FORMAT = dwarf;
				ENABLE_STRICT_OBJC_MSGSEND = YES;
				ENABLE_TESTABILITY = YES;
				GCC_C_LANGUAGE_STANDARD = gnu11;
				GCC_DYNAMIC_NO_PIC = NO;
				GCC_NO_COMMON_BLOCKS = YES;
				GCC_OPTIMIZATION_LEVEL = 0;
				GCC_PREPROCESSOR_DEFINITIONS = (
					"DEBUG=1",
					"$(inherited)",
				);
				GCC_WARN_64_TO_32_BIT_CONVERSION = YES;
				GCC_WARN_ABOUT_RETURN_TYPE = YES_ERROR;
				GCC_WARN_UNDECLARED_SELECTOR = YES;
				GCC_WARN_UNINITIALIZED_AUTOS = YES_AGGRESSIVE;
				GCC_WARN_UNUSED_FUNCTION = YES;
				GCC_WARN_UNUSED_VARIABLE = YES;
				IPHONEOS_DEPLOYMENT_TARGET = 12.2;
				MTL_ENABLE_DEBUG_INFO = INCLUDE_SOURCE;
				MTL_FAST_MATH = YES;
				ONLY_ACTIVE_ARCH = YES;
				SDKROOT = iphoneos;
				SWIFT_ACTIVE_COMPILATION_CONDITIONS = DEBUG;
				SWIFT_OPTIMIZATION_LEVEL = "-Onone";
			};
			name = Debug;
		};
		3FCD2A2F2253EA820048B140 /* Release */ = {
			isa = XCBuildConfiguration;
			buildSettings = {
				ALWAYS_SEARCH_USER_PATHS = NO;
				CLANG_ANALYZER_NONNULL = YES;
				CLANG_ANALYZER_NUMBER_OBJECT_CONVERSION = YES_AGGRESSIVE;
				CLANG_CXX_LANGUAGE_STANDARD = "gnu++14";
				CLANG_CXX_LIBRARY = "libc++";
				CLANG_ENABLE_MODULES = YES;
				CLANG_ENABLE_OBJC_ARC = YES;
				CLANG_ENABLE_OBJC_WEAK = YES;
				CLANG_WARN_BLOCK_CAPTURE_AUTORELEASING = YES;
				CLANG_WARN_BOOL_CONVERSION = YES;
				CLANG_WARN_COMMA = YES;
				CLANG_WARN_CONSTANT_CONVERSION = YES;
				CLANG_WARN_DEPRECATED_OBJC_IMPLEMENTATIONS = YES;
				CLANG_WARN_DIRECT_OBJC_ISA_USAGE = YES_ERROR;
				CLANG_WARN_DOCUMENTATION_COMMENTS = YES;
				CLANG_WARN_EMPTY_BODY = YES;
				CLANG_WARN_ENUM_CONVERSION = YES;
				CLANG_WARN_INFINITE_RECURSION = YES;
				CLANG_WARN_INT_CONVERSION = YES;
				CLANG_WARN_NON_LITERAL_NULL_CONVERSION = YES;
				CLANG_WARN_OBJC_IMPLICIT_RETAIN_SELF = YES;
				CLANG_WARN_OBJC_LITERAL_CONVERSION = YES;
				CLANG_WARN_OBJC_ROOT_CLASS = YES_ERROR;
				CLANG_WARN_RANGE_LOOP_ANALYSIS = YES;
				CLANG_WARN_STRICT_PROTOTYPES = YES;
				CLANG_WARN_SUSPICIOUS_MOVE = YES;
				CLANG_WARN_UNGUARDED_AVAILABILITY = YES_AGGRESSIVE;
				CLANG_WARN_UNREACHABLE_CODE = YES;
				CLANG_WARN__DUPLICATE_METHOD_MATCH = YES;
				CODE_SIGN_IDENTITY = "iPhone Developer";
				COPY_PHASE_STRIP = NO;
				DEBUG_INFORMATION_FORMAT = "dwarf-with-dsym";
				ENABLE_NS_ASSERTIONS = NO;
				ENABLE_STRICT_OBJC_MSGSEND = YES;
				GCC_C_LANGUAGE_STANDARD = gnu11;
				GCC_NO_COMMON_BLOCKS = YES;
				GCC_WARN_64_TO_32_BIT_CONVERSION = YES;
				GCC_WARN_ABOUT_RETURN_TYPE = YES_ERROR;
				GCC_WARN_UNDECLARED_SELECTOR = YES;
				GCC_WARN_UNINITIALIZED_AUTOS = YES_AGGRESSIVE;
				GCC_WARN_UNUSED_FUNCTION = YES;
				GCC_WARN_UNUSED_VARIABLE = YES;
				IPHONEOS_DEPLOYMENT_TARGET = 12.2;
				MTL_ENABLE_DEBUG_INFO = NO;
				MTL_FAST_MATH = YES;
				SDKROOT = iphoneos;
				SWIFT_COMPILATION_MODE = wholemodule;
				SWIFT_OPTIMIZATION_LEVEL = "-O";
				VALIDATE_PRODUCT = YES;
			};
			name = Release;
		};
		3FCD2A312253EA820048B140 /* Debug */ = {
			isa = XCBuildConfiguration;
			buildSettings = {
				ASSETCATALOG_COMPILER_APPICON_NAME = AppIcon;
				CODE_SIGN_STYLE = Automatic;
				DEVELOPMENT_TEAM = E9BKVZ8679;
				INFOPLIST_FILE = iNavigate/Info.plist;
				LD_RUNPATH_SEARCH_PATHS = (
					"$(inherited)",
					"@executable_path/Frameworks",
				);
				PRODUCT_BUNDLE_IDENTIFIER = ski.org.iNavigate;
				PRODUCT_NAME = "$(TARGET_NAME)";
				SWIFT_VERSION = 5.0;
				TARGETED_DEVICE_FAMILY = "1,2";
			};
			name = Debug;
		};
		3FCD2A322253EA820048B140 /* Release */ = {
			isa = XCBuildConfiguration;
			buildSettings = {
				ASSETCATALOG_COMPILER_APPICON_NAME = AppIcon;
				CODE_SIGN_STYLE = Automatic;
				DEVELOPMENT_TEAM = E9BKVZ8679;
				INFOPLIST_FILE = iNavigate/Info.plist;
				LD_RUNPATH_SEARCH_PATHS = (
					"$(inherited)",
					"@executable_path/Frameworks",
				);
				PRODUCT_BUNDLE_IDENTIFIER = ski.org.iNavigate;
				PRODUCT_NAME = "$(TARGET_NAME)";
				SWIFT_VERSION = 5.0;
				TARGETED_DEVICE_FAMILY = "1,2";
			};
			name = Release;
		};
		3FCD2A342253EA820048B140 /* Debug */ = {
			isa = XCBuildConfiguration;
			buildSettings = {
				ALWAYS_EMBED_SWIFT_STANDARD_LIBRARIES = YES;
				BUNDLE_LOADER = "$(TEST_HOST)";
				CODE_SIGN_STYLE = Automatic;
				DEVELOPMENT_TEAM = E9BKVZ8679;
				INFOPLIST_FILE = iNavigateTests/Info.plist;
				LD_RUNPATH_SEARCH_PATHS = (
					"$(inherited)",
					"@executable_path/Frameworks",
					"@loader_path/Frameworks",
				);
				PRODUCT_BUNDLE_IDENTIFIER = ski.org.iNavigateTests;
				PRODUCT_NAME = "$(TARGET_NAME)";
				SWIFT_VERSION = 5.0;
				TARGETED_DEVICE_FAMILY = "1,2";
				TEST_HOST = "$(BUILT_PRODUCTS_DIR)/iNavigate.app/iNavigate";
			};
			name = Debug;
		};
		3FCD2A352253EA820048B140 /* Release */ = {
			isa = XCBuildConfiguration;
			buildSettings = {
				ALWAYS_EMBED_SWIFT_STANDARD_LIBRARIES = YES;
				BUNDLE_LOADER = "$(TEST_HOST)";
				CODE_SIGN_STYLE = Automatic;
				DEVELOPMENT_TEAM = E9BKVZ8679;
				INFOPLIST_FILE = iNavigateTests/Info.plist;
				LD_RUNPATH_SEARCH_PATHS = (
					"$(inherited)",
					"@executable_path/Frameworks",
					"@loader_path/Frameworks",
				);
				PRODUCT_BUNDLE_IDENTIFIER = ski.org.iNavigateTests;
				PRODUCT_NAME = "$(TARGET_NAME)";
				SWIFT_VERSION = 5.0;
				TARGETED_DEVICE_FAMILY = "1,2";
				TEST_HOST = "$(BUILT_PRODUCTS_DIR)/iNavigate.app/iNavigate";
			};
			name = Release;
		};
		3FCD2A372253EA820048B140 /* Debug */ = {
			isa = XCBuildConfiguration;
			buildSettings = {
				ALWAYS_EMBED_SWIFT_STANDARD_LIBRARIES = YES;
				CODE_SIGN_STYLE = Automatic;
				DEVELOPMENT_TEAM = E9BKVZ8679;
				INFOPLIST_FILE = iNavigateUITests/Info.plist;
				LD_RUNPATH_SEARCH_PATHS = (
					"$(inherited)",
					"@executable_path/Frameworks",
					"@loader_path/Frameworks",
				);
				PRODUCT_BUNDLE_IDENTIFIER = ski.org.iNavigateUITests;
				PRODUCT_NAME = "$(TARGET_NAME)";
				SWIFT_VERSION = 5.0;
				TARGETED_DEVICE_FAMILY = "1,2";
				TEST_TARGET_NAME = iNavigate;
			};
			name = Debug;
		};
		3FCD2A382253EA820048B140 /* Release */ = {
			isa = XCBuildConfiguration;
			buildSettings = {
				ALWAYS_EMBED_SWIFT_STANDARD_LIBRARIES = YES;
				CODE_SIGN_STYLE = Automatic;
				DEVELOPMENT_TEAM = E9BKVZ8679;
				INFOPLIST_FILE = iNavigateUITests/Info.plist;
				LD_RUNPATH_SEARCH_PATHS = (
					"$(inherited)",
					"@executable_path/Frameworks",
					"@loader_path/Frameworks",
				);
				PRODUCT_BUNDLE_IDENTIFIER = ski.org.iNavigateUITests;
				PRODUCT_NAME = "$(TARGET_NAME)";
				SWIFT_VERSION = 5.0;
				TARGETED_DEVICE_FAMILY = "1,2";
				TEST_TARGET_NAME = iNavigate;
			};
			name = Release;
		};
/* End XCBuildConfiguration section */

/* Begin XCConfigurationList section */
		3FCD29FF2253EA800048B140 /* Build configuration list for PBXProject "iNavigate" */ = {
			isa = XCConfigurationList;
			buildConfigurations = (
				3FCD2A2E2253EA820048B140 /* Debug */,
				3FCD2A2F2253EA820048B140 /* Release */,
			);
			defaultConfigurationIsVisible = 0;
			defaultConfigurationName = Release;
		};
		3FCD2A302253EA820048B140 /* Build configuration list for PBXNativeTarget "iNavigate" */ = {
			isa = XCConfigurationList;
			buildConfigurations = (
				3FCD2A312253EA820048B140 /* Debug */,
				3FCD2A322253EA820048B140 /* Release */,
			);
			defaultConfigurationIsVisible = 0;
			defaultConfigurationName = Release;
		};
		3FCD2A332253EA820048B140 /* Build configuration list for PBXNativeTarget "iNavigateTests" */ = {
			isa = XCConfigurationList;
			buildConfigurations = (
				3FCD2A342253EA820048B140 /* Debug */,
				3FCD2A352253EA820048B140 /* Release */,
			);
			defaultConfigurationIsVisible = 0;
			defaultConfigurationName = Release;
		};
		3FCD2A362253EA820048B140 /* Build configuration list for PBXNativeTarget "iNavigateUITests" */ = {
			isa = XCConfigurationList;
			buildConfigurations = (
				3FCD2A372253EA820048B140 /* Debug */,
				3FCD2A382253EA820048B140 /* Release */,
			);
			defaultConfigurationIsVisible = 0;
			defaultConfigurationName = Release;
		};
/* End XCConfigurationList section */
	};
	rootObject = 3FCD29FC2253EA800048B140 /* Project object */;
}
