// !$*UTF8*$!
{
	archiveVersion = 1;
	classes = {
	};
	objectVersion = 50;
	objects = {

/* Begin PBXBuildFile section */
		3F09243C239EF830008C5A54 /* light.mp3 in Resources */ = {isa = PBXBuildFile; fileRef = 3F09243A239EF830008C5A54 /* light.mp3 */; };
		3F09243D239EF830008C5A54 /* point-blank.mp3 in Resources */ = {isa = PBXBuildFile; fileRef = 3F09243B239EF830008C5A54 /* point-blank.mp3 */; };
		3F535A1A2379FF3C004B510C /* Queue.swift in Sources */ = {isa = PBXBuildFile; fileRef = 3F535A192379FF3C004B510C /* Queue.swift */; };
		3F535A25237A2F8C004B510C /* BasicBarChartPresenter.swift in Sources */ = {isa = PBXBuildFile; fileRef = 3F535A1C237A2F8B004B510C /* BasicBarChartPresenter.swift */; };
		3F535A26237A2F8C004B510C /* BasicBarEntry.swift in Sources */ = {isa = PBXBuildFile; fileRef = 3F535A1D237A2F8B004B510C /* BasicBarEntry.swift */; };
		3F535A27237A2F8C004B510C /* DataEntry.swift in Sources */ = {isa = PBXBuildFile; fileRef = 3F535A1E237A2F8B004B510C /* DataEntry.swift */; };
		3F535A28237A2F8C004B510C /* BeautifulBarEntry.swift in Sources */ = {isa = PBXBuildFile; fileRef = 3F535A1F237A2F8B004B510C /* BeautifulBarEntry.swift */; };
		3F535A29237A2F8C004B510C /* BasicBarChart.swift in Sources */ = {isa = PBXBuildFile; fileRef = 3F535A20237A2F8B004B510C /* BasicBarChart.swift */; };
		3F535A2A237A2F8C004B510C /* BeautifulBarChart.swift in Sources */ = {isa = PBXBuildFile; fileRef = 3F535A21237A2F8B004B510C /* BeautifulBarChart.swift */; };
		3F535A2B237A2F8C004B510C /* BeautifulBarChartPresenter.swift in Sources */ = {isa = PBXBuildFile; fileRef = 3F535A22237A2F8B004B510C /* BeautifulBarChartPresenter.swift */; };
		3F535A2C237A2F8C004B510C /* CALayerExtension.swift in Sources */ = {isa = PBXBuildFile; fileRef = 3F535A23237A2F8C004B510C /* CALayerExtension.swift */; };
		3F535A2D237A2F8C004B510C /* CustomSegments.swift in Sources */ = {isa = PBXBuildFile; fileRef = 3F535A24237A2F8C004B510C /* CustomSegments.swift */; };
		3F535A2F237A2F9D004B510C /* UIBezierPathExtension.swift in Sources */ = {isa = PBXBuildFile; fileRef = 3F535A2E237A2F9D004B510C /* UIBezierPathExtension.swift */; };
		3F535A31237A2FAA004B510C /* ArrayExtension.swift in Sources */ = {isa = PBXBuildFile; fileRef = 3F535A30237A2FAA004B510C /* ArrayExtension.swift */; };
		3F5B16962385EB3000F05465 /* coinup.wav in Resources */ = {isa = PBXBuildFile; fileRef = 3F5B16912385EB3000F05465 /* coinup.wav */; };
		3F5B16972385EB3000F05465 /* error.wav in Resources */ = {isa = PBXBuildFile; fileRef = 3F5B16922385EB3000F05465 /* error.wav */; };
		3F5B16982385EB3000F05465 /* beep.wav in Resources */ = {isa = PBXBuildFile; fileRef = 3F5B16932385EB3000F05465 /* beep.wav */; };
		3F5B16992385EB3000F05465 /* click_one.wav in Resources */ = {isa = PBXBuildFile; fileRef = 3F5B16942385EB3000F05465 /* click_one.wav */; };
		3F5B169A2385EB3000F05465 /* drum_mono.mp3 in Resources */ = {isa = PBXBuildFile; fileRef = 3F5B16952385EB3000F05465 /* drum_mono.mp3 */; };
		3F5B169C238F191700F05465 /* Logger.swift in Sources */ = {isa = PBXBuildFile; fileRef = 3F5B169B238F191700F05465 /* Logger.swift */; };
		3F5F53B522580B3F00D40A04 /* svm.cpp in Sources */ = {isa = PBXBuildFile; fileRef = 3F5F53B422580B3F00D40A04 /* svm.cpp */; };
		3F5F53F322580CD100D40A04 /* res in Resources */ = {isa = PBXBuildFile; fileRef = 3F5F53F122580CB400D40A04 /* res */; };
		3F7929282374A4C20090F2FA /* MedianFlowTracker.cpp in Sources */ = {isa = PBXBuildFile; fileRef = 3F7929242374A4500090F2FA /* MedianFlowTracker.cpp */; };
		3F7929292374A4C20090F2FA /* ObjDetector.cpp in Sources */ = {isa = PBXBuildFile; fileRef = 3F7929252374A4500090F2FA /* ObjDetector.cpp */; };
		3F79292A2374A4C20090F2FA /* DetectionParams.cpp in Sources */ = {isa = PBXBuildFile; fileRef = 3F7929262374A4500090F2FA /* DetectionParams.cpp */; };
		3FA233482345360900E3BA0D /* AudioFeedback.swift in Sources */ = {isa = PBXBuildFile; fileRef = 3FA233472345360900E3BA0D /* AudioFeedback.swift */; };
		3FA2334A234545E000E3BA0D /* arrow.jpg in Resources */ = {isa = PBXBuildFile; fileRef = 3FA23349234545E000E3BA0D /* arrow.jpg */; };
		3FC2BB0C226FC5DE00A1701B /* FloorChangeDetector.swift in Sources */ = {isa = PBXBuildFile; fileRef = 3FC2BB0B226FC5DE00A1701B /* FloorChangeDetector.swift */; };
		3FCD2A082253EA800048B140 /* AppDelegate.swift in Sources */ = {isa = PBXBuildFile; fileRef = 3FCD2A072253EA800048B140 /* AppDelegate.swift */; };
		3FCD2A0C2253EA800048B140 /* Scene.swift in Sources */ = {isa = PBXBuildFile; fileRef = 3FCD2A0B2253EA800048B140 /* Scene.swift */; };
		3FCD2A0E2253EA800048B140 /* ViewController.swift in Sources */ = {isa = PBXBuildFile; fileRef = 3FCD2A0D2253EA800048B140 /* ViewController.swift */; };
		3FCD2A112253EA800048B140 /* Main.storyboard in Resources */ = {isa = PBXBuildFile; fileRef = 3FCD2A0F2253EA800048B140 /* Main.storyboard */; };
		3FCD2A132253EA820048B140 /* Assets.xcassets in Resources */ = {isa = PBXBuildFile; fileRef = 3FCD2A122253EA820048B140 /* Assets.xcassets */; };
		3FCD2A162253EA820048B140 /* LaunchScreen.storyboard in Resources */ = {isa = PBXBuildFile; fileRef = 3FCD2A142253EA820048B140 /* LaunchScreen.storyboard */; };
		3FCD2A3B225404410048B140 /* opencv2.framework in Frameworks */ = {isa = PBXBuildFile; fileRef = 3FCD2A3A225404410048B140 /* opencv2.framework */; };
		3FCD2A40225407170048B140 /* DestinationSelectionControllerViewController.swift in Sources */ = {isa = PBXBuildFile; fileRef = 3FCD2A3F225407170048B140 /* DestinationSelectionControllerViewController.swift */; };
		3FCD2A46225412500048B140 /* NavigationCoreWrapper.mm in Sources */ = {isa = PBXBuildFile; fileRef = 3FCD2A45225412500048B140 /* NavigationCoreWrapper.mm */; };
/* End PBXBuildFile section */

/* Begin PBXContainerItemProxy section */
		3FCD2A1D2253EA820048B140 /* PBXContainerItemProxy */ = {
			isa = PBXContainerItemProxy;
			containerPortal = 3FCD29FC2253EA800048B140 /* Project object */;
			proxyType = 1;
			remoteGlobalIDString = 3FCD2A032253EA800048B140;
			remoteInfo = iNavigate;
		};
		3FCD2A282253EA820048B140 /* PBXContainerItemProxy */ = {
			isa = PBXContainerItemProxy;
			containerPortal = 3FCD29FC2253EA800048B140 /* Project object */;
			proxyType = 1;
			remoteGlobalIDString = 3FCD2A032253EA800048B140;
			remoteInfo = iNavigate;
		};
/* End PBXContainerItemProxy section */

/* Begin PBXFileReference section */
		3F07CD2122C57AED00CD3652 /* NavGraph.hpp */ = {isa = PBXFileReference; fileEncoding = 4; lastKnownFileType = sourcecode.cpp.h; path = NavGraph.hpp; sourceTree = "<group>"; };
		3F07CD2222C57AED00CD3652 /* NavigationSystem.hpp */ = {isa = PBXFileReference; fileEncoding = 4; lastKnownFileType = sourcecode.cpp.h; path = NavigationSystem.hpp; sourceTree = "<group>"; };
		3F07CD2322C57AED00CD3652 /* NavigationTracker.hpp */ = {isa = PBXFileReference; fileEncoding = 4; lastKnownFileType = sourcecode.cpp.h; path = NavigationTracker.hpp; sourceTree = "<group>"; };
		3F09243A239EF830008C5A54 /* light.mp3 */ = {isa = PBXFileReference; lastKnownFileType = audio.mp3; path = light.mp3; sourceTree = "<group>"; };
		3F09243B239EF830008C5A54 /* point-blank.mp3 */ = {isa = PBXFileReference; lastKnownFileType = audio.mp3; path = "point-blank.mp3"; sourceTree = "<group>"; };
		3F535A192379FF3C004B510C /* Queue.swift */ = {isa = PBXFileReference; lastKnownFileType = sourcecode.swift; path = Queue.swift; sourceTree = "<group>"; };
		3F535A1C237A2F8B004B510C /* BasicBarChartPresenter.swift */ = {isa = PBXFileReference; fileEncoding = 4; lastKnownFileType = sourcecode.swift; path = BasicBarChartPresenter.swift; sourceTree = "<group>"; };
		3F535A1D237A2F8B004B510C /* BasicBarEntry.swift */ = {isa = PBXFileReference; fileEncoding = 4; lastKnownFileType = sourcecode.swift; path = BasicBarEntry.swift; sourceTree = "<group>"; };
		3F535A1E237A2F8B004B510C /* DataEntry.swift */ = {isa = PBXFileReference; fileEncoding = 4; lastKnownFileType = sourcecode.swift; path = DataEntry.swift; sourceTree = "<group>"; };
		3F535A1F237A2F8B004B510C /* BeautifulBarEntry.swift */ = {isa = PBXFileReference; fileEncoding = 4; lastKnownFileType = sourcecode.swift; path = BeautifulBarEntry.swift; sourceTree = "<group>"; };
		3F535A20237A2F8B004B510C /* BasicBarChart.swift */ = {isa = PBXFileReference; fileEncoding = 4; lastKnownFileType = sourcecode.swift; path = BasicBarChart.swift; sourceTree = "<group>"; };
		3F535A21237A2F8B004B510C /* BeautifulBarChart.swift */ = {isa = PBXFileReference; fileEncoding = 4; lastKnownFileType = sourcecode.swift; path = BeautifulBarChart.swift; sourceTree = "<group>"; };
		3F535A22237A2F8B004B510C /* BeautifulBarChartPresenter.swift */ = {isa = PBXFileReference; fileEncoding = 4; lastKnownFileType = sourcecode.swift; path = BeautifulBarChartPresenter.swift; sourceTree = "<group>"; };
		3F535A23237A2F8C004B510C /* CALayerExtension.swift */ = {isa = PBXFileReference; fileEncoding = 4; lastKnownFileType = sourcecode.swift; path = CALayerExtension.swift; sourceTree = "<group>"; };
		3F535A24237A2F8C004B510C /* CustomSegments.swift */ = {isa = PBXFileReference; fileEncoding = 4; lastKnownFileType = sourcecode.swift; path = CustomSegments.swift; sourceTree = "<group>"; };
		3F535A2E237A2F9D004B510C /* UIBezierPathExtension.swift */ = {isa = PBXFileReference; fileEncoding = 4; lastKnownFileType = sourcecode.swift; path = UIBezierPathExtension.swift; sourceTree = "<group>"; };
		3F535A30237A2FAA004B510C /* ArrayExtension.swift */ = {isa = PBXFileReference; fileEncoding = 4; lastKnownFileType = sourcecode.swift; path = ArrayExtension.swift; sourceTree = "<group>"; };
		3F5B16912385EB3000F05465 /* coinup.wav */ = {isa = PBXFileReference; lastKnownFileType = audio.wav; path = coinup.wav; sourceTree = "<group>"; };
		3F5B16922385EB3000F05465 /* error.wav */ = {isa = PBXFileReference; lastKnownFileType = audio.wav; path = error.wav; sourceTree = "<group>"; };
		3F5B16932385EB3000F05465 /* beep.wav */ = {isa = PBXFileReference; lastKnownFileType = audio.wav; path = beep.wav; sourceTree = "<group>"; };
		3F5B16942385EB3000F05465 /* click_one.wav */ = {isa = PBXFileReference; lastKnownFileType = audio.wav; path = click_one.wav; sourceTree = "<group>"; };
		3F5B16952385EB3000F05465 /* drum_mono.mp3 */ = {isa = PBXFileReference; lastKnownFileType = audio.mp3; path = drum_mono.mp3; sourceTree = "<group>"; };
		3F5B169B238F191700F05465 /* Logger.swift */ = {isa = PBXFileReference; lastKnownFileType = sourcecode.swift; path = Logger.swift; sourceTree = "<group>"; };
		3F5F53B422580B3F00D40A04 /* svm.cpp */ = {isa = PBXFileReference; lastKnownFileType = sourcecode.cpp.cpp; path = svm.cpp; sourceTree = "<group>"; };
		3F5F53F122580CB400D40A04 /* res */ = {isa = PBXFileReference; lastKnownFileType = folder; path = res; sourceTree = "<group>"; };
		3F7928F72374A4500090F2FA /* LICENSE */ = {isa = PBXFileReference; lastKnownFileType = text; path = LICENSE; sourceTree = "<group>"; };
		3F7928FA2374A4500090F2FA /* MapManager.hpp */ = {isa = PBXFileReference; lastKnownFileType = sourcecode.cpp.h; path = MapManager.hpp; sourceTree = "<group>"; };
		3F7928FB2374A4500090F2FA /* AnnotatedMap.hpp */ = {isa = PBXFileReference; lastKnownFileType = sourcecode.cpp.h; path = AnnotatedMap.hpp; sourceTree = "<group>"; };
		3F7928FC2374A4500090F2FA /* MapFeature.hpp */ = {isa = PBXFileReference; lastKnownFileType = sourcecode.cpp.h; path = MapFeature.hpp; sourceTree = "<group>"; };
		3F7928FE2374A4500090F2FA /* FloorChangeDetector.hpp */ = {isa = PBXFileReference; lastKnownFileType = sourcecode.cpp.h; path = FloorChangeDetector.hpp; sourceTree = "<group>"; };
		3F7929002374A4500090F2FA /* ParticleFilter.hpp */ = {isa = PBXFileReference; lastKnownFileType = sourcecode.cpp.h; path = ParticleFilter.hpp; sourceTree = "<group>"; };
		3F7929012374A4500090F2FA /* VIOMeasurements.hpp */ = {isa = PBXFileReference; lastKnownFileType = sourcecode.cpp.h; path = VIOMeasurements.hpp; sourceTree = "<group>"; };
		3F7929022374A4500090F2FA /* LocalizationSystem.hpp */ = {isa = PBXFileReference; lastKnownFileType = sourcecode.cpp.h; path = LocalizationSystem.hpp; sourceTree = "<group>"; };
		3F7929032374A4500090F2FA /* PeakDetector.hpp */ = {isa = PBXFileReference; lastKnownFileType = sourcecode.cpp.h; path = PeakDetector.hpp; sourceTree = "<group>"; };
		3F7929042374A4500090F2FA /* Particle.hpp */ = {isa = PBXFileReference; lastKnownFileType = sourcecode.cpp.h; path = Particle.hpp; sourceTree = "<group>"; };
		3F7929052374A4500090F2FA /* version.h.in */ = {isa = PBXFileReference; lastKnownFileType = text; path = version.h.in; sourceTree = "<group>"; };
		3F7929072374A4500090F2FA /* MatUtils.hpp */ = {isa = PBXFileReference; lastKnownFileType = sourcecode.cpp.h; path = MatUtils.hpp; sourceTree = "<group>"; };
		3F7929082374A4500090F2FA /* ParseUtils.hpp */ = {isa = PBXFileReference; lastKnownFileType = sourcecode.cpp.h; path = ParseUtils.hpp; sourceTree = "<group>"; };
		3F79290A2374A4500090F2FA /* KnownLocationInitPolicy.hpp */ = {isa = PBXFileReference; lastKnownFileType = sourcecode.cpp.h; path = KnownLocationInitPolicy.hpp; sourceTree = "<group>"; };
		3F79290B2374A4500090F2FA /* AllKnownInitPolicy.hpp */ = {isa = PBXFileReference; lastKnownFileType = sourcecode.cpp.h; path = AllKnownInitPolicy.hpp; sourceTree = "<group>"; };
		3F79290C2374A4500090F2FA /* InitPolicy.h */ = {isa = PBXFileReference; lastKnownFileType = sourcecode.c.h; path = InitPolicy.h; sourceTree = "<group>"; };
		3F79290D2374A4500090F2FA /* UniformInitPolicy.hpp */ = {isa = PBXFileReference; lastKnownFileType = sourcecode.cpp.h; path = UniformInitPolicy.hpp; sourceTree = "<group>"; };
		3F79290E2374A4500090F2FA /* UniformWithYawInitPolicy.hpp */ = {isa = PBXFileReference; lastKnownFileType = sourcecode.cpp.h; path = UniformWithYawInitPolicy.hpp; sourceTree = "<group>"; };
		3F7929102374A4500090F2FA /* Visualizer.hpp */ = {isa = PBXFileReference; lastKnownFileType = sourcecode.cpp.h; path = Visualizer.hpp; sourceTree = "<group>"; };
		3F7929122374A4500090F2FA /* CVObservation.hpp */ = {isa = PBXFileReference; lastKnownFileType = sourcecode.cpp.h; path = CVObservation.hpp; sourceTree = "<group>"; };
		3F7929132374A4500090F2FA /* ArucoMarkerDetector.hpp */ = {isa = PBXFileReference; lastKnownFileType = sourcecode.cpp.h; path = ArucoMarkerDetector.hpp; sourceTree = "<group>"; };
		3F7929142374A4500090F2FA /* MedianFlowTracker.hpp */ = {isa = PBXFileReference; lastKnownFileType = sourcecode.cpp.h; path = MedianFlowTracker.hpp; sourceTree = "<group>"; };
		3F7929152374A4500090F2FA /* ObjDetector.h */ = {isa = PBXFileReference; lastKnownFileType = sourcecode.c.h; path = ObjDetector.h; sourceTree = "<group>"; };
		3F7929162374A4500090F2FA /* CVObservationsManager.hpp */ = {isa = PBXFileReference; lastKnownFileType = sourcecode.cpp.h; path = CVObservationsManager.hpp; sourceTree = "<group>"; };
		3F7929172374A4500090F2FA /* DetectionParams.h */ = {isa = PBXFileReference; lastKnownFileType = sourcecode.c.h; path = DetectionParams.h; sourceTree = "<group>"; };
		3F7929182374A4500090F2FA /* CVDetector.h */ = {isa = PBXFileReference; lastKnownFileType = sourcecode.c.h; path = CVDetector.h; sourceTree = "<group>"; };
		3F79291A2374A4500090F2FA /* VIOLoggerParser.hpp */ = {isa = PBXFileReference; lastKnownFileType = sourcecode.cpp.h; path = VIOLoggerParser.hpp; sourceTree = "<group>"; };
		3F79291C2374A4500090F2FA /* svm.def */ = {isa = PBXFileReference; lastKnownFileType = text; path = svm.def; sourceTree = "<group>"; };
		3F79291D2374A4500090F2FA /* svm.h */ = {isa = PBXFileReference; lastKnownFileType = sourcecode.c.h; path = svm.h; sourceTree = "<group>"; };
		3F79291E2374A4500090F2FA /* svm.cpp */ = {isa = PBXFileReference; lastKnownFileType = sourcecode.cpp.cpp; path = svm.cpp; sourceTree = "<group>"; };
		3F7929242374A4500090F2FA /* MedianFlowTracker.cpp */ = {isa = PBXFileReference; lastKnownFileType = sourcecode.cpp.cpp; path = MedianFlowTracker.cpp; sourceTree = "<group>"; };
		3F7929252374A4500090F2FA /* ObjDetector.cpp */ = {isa = PBXFileReference; lastKnownFileType = sourcecode.cpp.cpp; path = ObjDetector.cpp; sourceTree = "<group>"; };
		3F7929262374A4500090F2FA /* DetectionParams.cpp */ = {isa = PBXFileReference; lastKnownFileType = sourcecode.cpp.cpp; path = DetectionParams.cpp; sourceTree = "<group>"; };
		3F7929272374A4500090F2FA /* main.cpp */ = {isa = PBXFileReference; lastKnownFileType = sourcecode.cpp.cpp; path = main.cpp; sourceTree = "<group>"; };
		3FA233472345360900E3BA0D /* AudioFeedback.swift */ = {isa = PBXFileReference; lastKnownFileType = sourcecode.swift; path = AudioFeedback.swift; sourceTree = "<group>"; };
		3FA23349234545E000E3BA0D /* arrow.jpg */ = {isa = PBXFileReference; lastKnownFileType = image.jpeg; path = arrow.jpg; sourceTree = "<group>"; };
		3FC2BB0B226FC5DE00A1701B /* FloorChangeDetector.swift */ = {isa = PBXFileReference; lastKnownFileType = sourcecode.swift; path = FloorChangeDetector.swift; sourceTree = "<group>"; };
		3FCD2A042253EA800048B140 /* iNavigate.app */ = {isa = PBXFileReference; explicitFileType = wrapper.application; includeInIndex = 0; path = iNavigate.app; sourceTree = BUILT_PRODUCTS_DIR; };
		3FCD2A072253EA800048B140 /* AppDelegate.swift */ = {isa = PBXFileReference; lastKnownFileType = sourcecode.swift; path = AppDelegate.swift; sourceTree = "<group>"; };
		3FCD2A092253EA800048B140 /* Scene.sks */ = {isa = PBXFileReference; lastKnownFileType = file.sks; path = Scene.sks; sourceTree = "<group>"; };
		3FCD2A0B2253EA800048B140 /* Scene.swift */ = {isa = PBXFileReference; lastKnownFileType = sourcecode.swift; path = Scene.swift; sourceTree = "<group>"; };
		3FCD2A0D2253EA800048B140 /* ViewController.swift */ = {isa = PBXFileReference; lastKnownFileType = sourcecode.swift; path = ViewController.swift; sourceTree = "<group>"; };
		3FCD2A102253EA800048B140 /* Base */ = {isa = PBXFileReference; lastKnownFileType = file.storyboard; name = Base; path = Base.lproj/Main.storyboard; sourceTree = "<group>"; };
		3FCD2A122253EA820048B140 /* Assets.xcassets */ = {isa = PBXFileReference; lastKnownFileType = folder.assetcatalog; path = Assets.xcassets; sourceTree = "<group>"; };
		3FCD2A152253EA820048B140 /* Base */ = {isa = PBXFileReference; lastKnownFileType = file.storyboard; name = Base; path = Base.lproj/LaunchScreen.storyboard; sourceTree = "<group>"; };
		3FCD2A172253EA820048B140 /* Info.plist */ = {isa = PBXFileReference; lastKnownFileType = text.plist.xml; path = Info.plist; sourceTree = "<group>"; };
		3FCD2A1C2253EA820048B140 /* iNavigateTests.xctest */ = {isa = PBXFileReference; explicitFileType = wrapper.cfbundle; includeInIndex = 0; path = iNavigateTests.xctest; sourceTree = BUILT_PRODUCTS_DIR; };
		3FCD2A272253EA820048B140 /* iNavigateUITests.xctest */ = {isa = PBXFileReference; explicitFileType = wrapper.cfbundle; includeInIndex = 0; path = iNavigateUITests.xctest; sourceTree = BUILT_PRODUCTS_DIR; };
		3FCD2A3A225404410048B140 /* opencv2.framework */ = {isa = PBXFileReference; lastKnownFileType = wrapper.framework; name = opencv2.framework; path = "../opencv-4.0.1/platforms/ios/opencv2.framework"; sourceTree = "<group>"; };
		3FCD2A3F225407170048B140 /* DestinationSelectionControllerViewController.swift */ = {isa = PBXFileReference; lastKnownFileType = sourcecode.swift; path = DestinationSelectionControllerViewController.swift; sourceTree = "<group>"; };
		3FCD2A45225412500048B140 /* NavigationCoreWrapper.mm */ = {isa = PBXFileReference; lastKnownFileType = sourcecode.cpp.objcpp; path = NavigationCoreWrapper.mm; sourceTree = "<group>"; };
		3FCD2A47225412760048B140 /* NavigationCoreWrapper.h */ = {isa = PBXFileReference; lastKnownFileType = sourcecode.c.h; path = NavigationCoreWrapper.h; sourceTree = "<group>"; };
		3FCD2A48225412A20048B140 /* iNavigate-Bridging-Header.h */ = {isa = PBXFileReference; lastKnownFileType = sourcecode.c.h; path = "iNavigate-Bridging-Header.h"; sourceTree = "<group>"; };
/* End PBXFileReference section */

/* Begin PBXFrameworksBuildPhase section */
		3FCD2A012253EA800048B140 /* Frameworks */ = {
			isa = PBXFrameworksBuildPhase;
			buildActionMask = 2147483647;
			files = (
				3FCD2A3B225404410048B140 /* opencv2.framework in Frameworks */,
			);
			runOnlyForDeploymentPostprocessing = 0;
		};
		3FCD2A192253EA820048B140 /* Frameworks */ = {
			isa = PBXFrameworksBuildPhase;
			buildActionMask = 2147483647;
			files = (
			);
			runOnlyForDeploymentPostprocessing = 0;
		};
		3FCD2A242253EA820048B140 /* Frameworks */ = {
			isa = PBXFrameworksBuildPhase;
			buildActionMask = 2147483647;
			files = (
			);
			runOnlyForDeploymentPostprocessing = 0;
		};
/* End PBXFrameworksBuildPhase section */

/* Begin PBXGroup section */
		3F07CD2022C57AED00CD3652 /* NavigationCore */ = {
			isa = PBXGroup;
			children = (
				3F07CD2122C57AED00CD3652 /* NavGraph.hpp */,
				3F07CD2222C57AED00CD3652 /* NavigationSystem.hpp */,
				3F07CD2322C57AED00CD3652 /* NavigationTracker.hpp */,
			);
			path = NavigationCore;
			sourceTree = "<group>";
		};
		3F535A1B237A2F3C004B510C /* BarChart */ = {
			isa = PBXGroup;
			children = (
				3F535A30237A2FAA004B510C /* ArrayExtension.swift */,
				3F535A2E237A2F9D004B510C /* UIBezierPathExtension.swift */,
				3F535A20237A2F8B004B510C /* BasicBarChart.swift */,
				3F535A1C237A2F8B004B510C /* BasicBarChartPresenter.swift */,
				3F535A1D237A2F8B004B510C /* BasicBarEntry.swift */,
				3F535A21237A2F8B004B510C /* BeautifulBarChart.swift */,
				3F535A22237A2F8B004B510C /* BeautifulBarChartPresenter.swift */,
				3F535A1F237A2F8B004B510C /* BeautifulBarEntry.swift */,
				3F535A23237A2F8C004B510C /* CALayerExtension.swift */,
				3F535A24237A2F8C004B510C /* CustomSegments.swift */,
				3F535A1E237A2F8B004B510C /* DataEntry.swift */,
			);
			path = BarChart;
			sourceTree = "<group>";
		};
		3F7928D72374A4500090F2FA /* LocalizationCore */ = {
			isa = PBXGroup;
			children = (
				3F7928F72374A4500090F2FA /* LICENSE */,
				3F7928F82374A4500090F2FA /* include */,
				3F79291B2374A4500090F2FA /* libsvm */,
				3F79291F2374A4500090F2FA /* src */,
			);
			path = LocalizationCore;
			sourceTree = "<group>";
		};
		3F7928F82374A4500090F2FA /* include */ = {
			isa = PBXGroup;
			children = (
				3F7928F92374A4500090F2FA /* Maps */,
				3F7928FD2374A4500090F2FA /* Sensors */,
				3F7928FF2374A4500090F2FA /* Core */,
				3F7929052374A4500090F2FA /* version.h.in */,
				3F7929062374A4500090F2FA /* Utils */,
				3F7929092374A4500090F2FA /* InitPolicies */,
				3F79290F2374A4500090F2FA /* LogTools */,
				3F7929112374A4500090F2FA /* CV */,
				3F7929192374A4500090F2FA /* TestUtils */,
			);
			path = include;
			sourceTree = "<group>";
		};
		3F7928F92374A4500090F2FA /* Maps */ = {
			isa = PBXGroup;
			children = (
				3F7928FA2374A4500090F2FA /* MapManager.hpp */,
				3F7928FB2374A4500090F2FA /* AnnotatedMap.hpp */,
				3F7928FC2374A4500090F2FA /* MapFeature.hpp */,
			);
			path = Maps;
			sourceTree = "<group>";
		};
		3F7928FD2374A4500090F2FA /* Sensors */ = {
			isa = PBXGroup;
			children = (
				3F7928FE2374A4500090F2FA /* FloorChangeDetector.hpp */,
			);
			path = Sensors;
			sourceTree = "<group>";
		};
		3F7928FF2374A4500090F2FA /* Core */ = {
			isa = PBXGroup;
			children = (
				3F7929002374A4500090F2FA /* ParticleFilter.hpp */,
				3F7929012374A4500090F2FA /* VIOMeasurements.hpp */,
				3F7929022374A4500090F2FA /* LocalizationSystem.hpp */,
				3F7929032374A4500090F2FA /* PeakDetector.hpp */,
				3F7929042374A4500090F2FA /* Particle.hpp */,
			);
			path = Core;
			sourceTree = "<group>";
		};
		3F7929062374A4500090F2FA /* Utils */ = {
			isa = PBXGroup;
			children = (
				3F7929072374A4500090F2FA /* MatUtils.hpp */,
				3F7929082374A4500090F2FA /* ParseUtils.hpp */,
			);
			path = Utils;
			sourceTree = "<group>";
		};
		3F7929092374A4500090F2FA /* InitPolicies */ = {
			isa = PBXGroup;
			children = (
				3F79290A2374A4500090F2FA /* KnownLocationInitPolicy.hpp */,
				3F79290B2374A4500090F2FA /* AllKnownInitPolicy.hpp */,
				3F79290C2374A4500090F2FA /* InitPolicy.h */,
				3F79290D2374A4500090F2FA /* UniformInitPolicy.hpp */,
				3F79290E2374A4500090F2FA /* UniformWithYawInitPolicy.hpp */,
			);
			path = InitPolicies;
			sourceTree = "<group>";
		};
		3F79290F2374A4500090F2FA /* LogTools */ = {
			isa = PBXGroup;
			children = (
				3F7929102374A4500090F2FA /* Visualizer.hpp */,
			);
			path = LogTools;
			sourceTree = "<group>";
		};
		3F7929112374A4500090F2FA /* CV */ = {
			isa = PBXGroup;
			children = (
				3F7929122374A4500090F2FA /* CVObservation.hpp */,
				3F7929132374A4500090F2FA /* ArucoMarkerDetector.hpp */,
				3F7929142374A4500090F2FA /* MedianFlowTracker.hpp */,
				3F7929152374A4500090F2FA /* ObjDetector.h */,
				3F7929162374A4500090F2FA /* CVObservationsManager.hpp */,
				3F7929172374A4500090F2FA /* DetectionParams.h */,
				3F7929182374A4500090F2FA /* CVDetector.h */,
			);
			path = CV;
			sourceTree = "<group>";
		};
		3F7929192374A4500090F2FA /* TestUtils */ = {
			isa = PBXGroup;
			children = (
				3F79291A2374A4500090F2FA /* VIOLoggerParser.hpp */,
			);
			path = TestUtils;
			sourceTree = "<group>";
		};
		3F79291B2374A4500090F2FA /* libsvm */ = {
			isa = PBXGroup;
			children = (
				3F79291C2374A4500090F2FA /* svm.def */,
				3F79291D2374A4500090F2FA /* svm.h */,
				3F79291E2374A4500090F2FA /* svm.cpp */,
			);
			path = libsvm;
			sourceTree = "<group>";
		};
		3F79291F2374A4500090F2FA /* src */ = {
			isa = PBXGroup;
			children = (
				3F7929232374A4500090F2FA /* CV */,
				3F7929272374A4500090F2FA /* main.cpp */,
			);
			path = src;
			sourceTree = "<group>";
		};
		3F7929232374A4500090F2FA /* CV */ = {
			isa = PBXGroup;
			children = (
				3F7929242374A4500090F2FA /* MedianFlowTracker.cpp */,
				3F7929252374A4500090F2FA /* ObjDetector.cpp */,
				3F7929262374A4500090F2FA /* DetectionParams.cpp */,
			);
			path = CV;
			sourceTree = "<group>";
		};
		3FCD29FB2253EA800048B140 = {
			isa = PBXGroup;
			children = (
				3F5B16932385EB3000F05465 /* beep.wav */,
				3F5B16942385EB3000F05465 /* click_one.wav */,
				3F5B16912385EB3000F05465 /* coinup.wav */,
				3F09243A239EF830008C5A54 /* light.mp3 */,
				3F09243B239EF830008C5A54 /* point-blank.mp3 */,
				3F5B16952385EB3000F05465 /* drum_mono.mp3 */,
				3F5B16922385EB3000F05465 /* error.wav */,
				3F535A192379FF3C004B510C /* Queue.swift */,
				3FA23349234545E000E3BA0D /* arrow.jpg */,
				3F5F53B422580B3F00D40A04 /* svm.cpp */,
				3FCD2A062253EA800048B140 /* iNavigate */,
				3FCD2A052253EA800048B140 /* Products */,
				3FCD2A39225404410048B140 /* Frameworks */,
			);
			sourceTree = "<group>";
		};
		3FCD2A052253EA800048B140 /* Products */ = {
			isa = PBXGroup;
			children = (
				3FCD2A042253EA800048B140 /* iNavigate.app */,
				3FCD2A1C2253EA820048B140 /* iNavigateTests.xctest */,
				3FCD2A272253EA820048B140 /* iNavigateUITests.xctest */,
			);
			name = Products;
			sourceTree = "<group>";
		};
		3FCD2A062253EA800048B140 /* iNavigate */ = {
			isa = PBXGroup;
			children = (
				3F535A1B237A2F3C004B510C /* BarChart */,
				3F7928D72374A4500090F2FA /* LocalizationCore */,
				3F07CD2022C57AED00CD3652 /* NavigationCore */,
				3F5F53F122580CB400D40A04 /* res */,
				3FCD2A072253EA800048B140 /* AppDelegate.swift */,
				3FCD2A092253EA800048B140 /* Scene.sks */,
				3FCD2A0B2253EA800048B140 /* Scene.swift */,
				3FC2BB0B226FC5DE00A1701B /* FloorChangeDetector.swift */,
				3FCD2A0D2253EA800048B140 /* ViewController.swift */,
				3FA233472345360900E3BA0D /* AudioFeedback.swift */,
				3FCD2A0F2253EA800048B140 /* Main.storyboard */,
				3FCD2A122253EA820048B140 /* Assets.xcassets */,
				3FCD2A142253EA820048B140 /* LaunchScreen.storyboard */,
				3FCD2A172253EA820048B140 /* Info.plist */,
				3FCD2A3F225407170048B140 /* DestinationSelectionControllerViewController.swift */,
				3FCD2A47225412760048B140 /* NavigationCoreWrapper.h */,
				3FCD2A45225412500048B140 /* NavigationCoreWrapper.mm */,
				3FCD2A48225412A20048B140 /* iNavigate-Bridging-Header.h */,
				3F5B169B238F191700F05465 /* Logger.swift */,
			);
			path = iNavigate;
			sourceTree = "<group>";
		};
		3FCD2A39225404410048B140 /* Frameworks */ = {
			isa = PBXGroup;
			children = (
				3FCD2A3A225404410048B140 /* opencv2.framework */,
			);
			name = Frameworks;
			sourceTree = "<group>";
		};
/* End PBXGroup section */

/* Begin PBXNativeTarget section */
		3FCD2A032253EA800048B140 /* iNavigate */ = {
			isa = PBXNativeTarget;
			buildConfigurationList = 3FCD2A302253EA820048B140 /* Build configuration list for PBXNativeTarget "iNavigate" */;
			buildPhases = (
				3FCD2A002253EA800048B140 /* Sources */,
				3FCD2A012253EA800048B140 /* Frameworks */,
				3FCD2A022253EA800048B140 /* Resources */,
			);
			buildRules = (
			);
			dependencies = (
			);
			name = iNavigate;
			productName = iNavigate;
			productReference = 3FCD2A042253EA800048B140 /* iNavigate.app */;
			productType = "com.apple.product-type.application";
		};
		3FCD2A1B2253EA820048B140 /* iNavigateTests */ = {
			isa = PBXNativeTarget;
			buildConfigurationList = 3FCD2A332253EA820048B140 /* Build configuration list for PBXNativeTarget "iNavigateTests" */;
			buildPhases = (
				3FCD2A182253EA820048B140 /* Sources */,
				3FCD2A192253EA820048B140 /* Frameworks */,
				3FCD2A1A2253EA820048B140 /* Resources */,
			);
			buildRules = (
			);
			dependencies = (
				3FCD2A1E2253EA820048B140 /* PBXTargetDependency */,
			);
			name = iNavigateTests;
			productName = iNavigateTests;
			productReference = 3FCD2A1C2253EA820048B140 /* iNavigateTests.xctest */;
			productType = "com.apple.product-type.bundle.unit-test";
		};
		3FCD2A262253EA820048B140 /* iNavigateUITests */ = {
			isa = PBXNativeTarget;
			buildConfigurationList = 3FCD2A362253EA820048B140 /* Build configuration list for PBXNativeTarget "iNavigateUITests" */;
			buildPhases = (
				3FCD2A232253EA820048B140 /* Sources */,
				3FCD2A242253EA820048B140 /* Frameworks */,
				3FCD2A252253EA820048B140 /* Resources */,
			);
			buildRules = (
			);
			dependencies = (
				3FCD2A292253EA820048B140 /* PBXTargetDependency */,
			);
			name = iNavigateUITests;
			productName = iNavigateUITests;
			productReference = 3FCD2A272253EA820048B140 /* iNavigateUITests.xctest */;
			productType = "com.apple.product-type.bundle.ui-testing";
		};
/* End PBXNativeTarget section */

/* Begin PBXProject section */
		3FCD29FC2253EA800048B140 /* Project object */ = {
			isa = PBXProject;
			attributes = {
				LastSwiftUpdateCheck = 1020;
				LastUpgradeCheck = 1020;
				ORGANIZATIONNAME = "Smith-Kettlewell Eye Research Institute";
				TargetAttributes = {
					3FCD2A032253EA800048B140 = {
						CreatedOnToolsVersion = 10.2;
						LastSwiftMigration = 1020;
					};
					3FCD2A1B2253EA820048B140 = {
						CreatedOnToolsVersion = 10.2;
						TestTargetID = 3FCD2A032253EA800048B140;
					};
					3FCD2A262253EA820048B140 = {
						CreatedOnToolsVersion = 10.2;
						TestTargetID = 3FCD2A032253EA800048B140;
					};
				};
			};
			buildConfigurationList = 3FCD29FF2253EA800048B140 /* Build configuration list for PBXProject "iNavigate" */;
			compatibilityVersion = "Xcode 9.3";
			developmentRegion = en;
			hasScannedForEncodings = 0;
			knownRegions = (
				en,
				Base,
			);
			mainGroup = 3FCD29FB2253EA800048B140;
			productRefGroup = 3FCD2A052253EA800048B140 /* Products */;
			projectDirPath = "";
			projectRoot = "";
			targets = (
				3FCD2A032253EA800048B140 /* iNavigate */,
				3FCD2A1B2253EA820048B140 /* iNavigateTests */,
				3FCD2A262253EA820048B140 /* iNavigateUITests */,
			);
		};
/* End PBXProject section */

/* Begin PBXResourcesBuildPhase section */
		3FCD2A022253EA800048B140 /* Resources */ = {
			isa = PBXResourcesBuildPhase;
			buildActionMask = 2147483647;
			files = (
				3F5F53F322580CD100D40A04 /* res in Resources */,
				3FCD2A162253EA820048B140 /* LaunchScreen.storyboard in Resources */,
				3FCD2A132253EA820048B140 /* Assets.xcassets in Resources */,
				3FA2334A234545E000E3BA0D /* arrow.jpg in Resources */,
				3FCD2A112253EA800048B140 /* Main.storyboard in Resources */,
				3F5B16962385EB3000F05465 /* coinup.wav in Resources */,
				3F5B16972385EB3000F05465 /* error.wav in Resources */,
				3F5B16982385EB3000F05465 /* beep.wav in Resources */,
				3F09243D239EF830008C5A54 /* point-blank.mp3 in Resources */,
				3F5B16992385EB3000F05465 /* click_one.wav in Resources */,
				3F09243C239EF830008C5A54 /* light.mp3 in Resources */,
				3F5B169A2385EB3000F05465 /* drum_mono.mp3 in Resources */,
			);
			runOnlyForDeploymentPostprocessing = 0;
		};
		3FCD2A1A2253EA820048B140 /* Resources */ = {
			isa = PBXResourcesBuildPhase;
			buildActionMask = 2147483647;
			files = (
			);
			runOnlyForDeploymentPostprocessing = 0;
		};
		3FCD2A252253EA820048B140 /* Resources */ = {
			isa = PBXResourcesBuildPhase;
			buildActionMask = 2147483647;
			files = (
			);
			runOnlyForDeploymentPostprocessing = 0;
		};
/* End PBXResourcesBuildPhase section */

/* Begin PBXSourcesBuildPhase section */
		3FCD2A002253EA800048B140 /* Sources */ = {
			isa = PBXSourcesBuildPhase;
			buildActionMask = 2147483647;
			files = (
				3F7929282374A4C20090F2FA /* MedianFlowTracker.cpp in Sources */,
				3F7929292374A4C20090F2FA /* ObjDetector.cpp in Sources */,
				3F79292A2374A4C20090F2FA /* DetectionParams.cpp in Sources */,
				3F535A26237A2F8C004B510C /* BasicBarEntry.swift in Sources */,
				3FC2BB0C226FC5DE00A1701B /* FloorChangeDetector.swift in Sources */,
				3FA233482345360900E3BA0D /* AudioFeedback.swift in Sources */,
				3F535A27237A2F8C004B510C /* DataEntry.swift in Sources */,
				3F5B169C238F191700F05465 /* Logger.swift in Sources */,
				3F535A25237A2F8C004B510C /* BasicBarChartPresenter.swift in Sources */,
				3F5F53B522580B3F00D40A04 /* svm.cpp in Sources */,
				3F535A2F237A2F9D004B510C /* UIBezierPathExtension.swift in Sources */,
				3F535A31237A2FAA004B510C /* ArrayExtension.swift in Sources */,
				3FCD2A40225407170048B140 /* DestinationSelectionControllerViewController.swift in Sources */,
				3F535A2A237A2F8C004B510C /* BeautifulBarChart.swift in Sources */,
				3F535A28237A2F8C004B510C /* BeautifulBarEntry.swift in Sources */,
				3F535A1A2379FF3C004B510C /* Queue.swift in Sources */,
				3FCD2A0E2253EA800048B140 /* ViewController.swift in Sources */,
				3FCD2A0C2253EA800048B140 /* Scene.swift in Sources */,
				3F535A2C237A2F8C004B510C /* CALayerExtension.swift in Sources */,
				3F535A2D237A2F8C004B510C /* CustomSegments.swift in Sources */,
				3FCD2A082253EA800048B140 /* AppDelegate.swift in Sources */,
				3F535A29237A2F8C004B510C /* BasicBarChart.swift in Sources */,
				3F535A2B237A2F8C004B510C /* BeautifulBarChartPresenter.swift in Sources */,
				3FCD2A46225412500048B140 /* NavigationCoreWrapper.mm in Sources */,
			);
			runOnlyForDeploymentPostprocessing = 0;
		};
		3FCD2A182253EA820048B140 /* Sources */ = {
			isa = PBXSourcesBuildPhase;
			buildActionMask = 2147483647;
			files = (
			);
			runOnlyForDeploymentPostprocessing = 0;
		};
		3FCD2A232253EA820048B140 /* Sources */ = {
			isa = PBXSourcesBuildPhase;
			buildActionMask = 2147483647;
			files = (
			);
			runOnlyForDeploymentPostprocessing = 0;
		};
/* End PBXSourcesBuildPhase section */

/* Begin PBXTargetDependency section */
		3FCD2A1E2253EA820048B140 /* PBXTargetDependency */ = {
			isa = PBXTargetDependency;
			target = 3FCD2A032253EA800048B140 /* iNavigate */;
			targetProxy = 3FCD2A1D2253EA820048B140 /* PBXContainerItemProxy */;
		};
		3FCD2A292253EA820048B140 /* PBXTargetDependency */ = {
			isa = PBXTargetDependency;
			target = 3FCD2A032253EA800048B140 /* iNavigate */;
			targetProxy = 3FCD2A282253EA820048B140 /* PBXContainerItemProxy */;
		};
/* End PBXTargetDependency section */

/* Begin PBXVariantGroup section */
		3FCD2A0F2253EA800048B140 /* Main.storyboard */ = {
			isa = PBXVariantGroup;
			children = (
				3FCD2A102253EA800048B140 /* Base */,
			);
			name = Main.storyboard;
			sourceTree = "<group>";
		};
		3FCD2A142253EA820048B140 /* LaunchScreen.storyboard */ = {
			isa = PBXVariantGroup;
			children = (
				3FCD2A152253EA820048B140 /* Base */,
			);
			name = LaunchScreen.storyboard;
			sourceTree = "<group>";
		};
/* End PBXVariantGroup section */

/* Begin XCBuildConfiguration section */
		3FCD2A2E2253EA820048B140 /* Debug */ = {
			isa = XCBuildConfiguration;
			buildSettings = {
				ALWAYS_SEARCH_USER_PATHS = NO;
				CLANG_ANALYZER_NONNULL = YES;
				CLANG_ANALYZER_NUMBER_OBJECT_CONVERSION = YES_AGGRESSIVE;
				CLANG_CXX_LANGUAGE_STANDARD = "gnu++14";
				CLANG_CXX_LIBRARY = "libc++";
				CLANG_ENABLE_MODULES = YES;
				CLANG_ENABLE_OBJC_ARC = YES;
				CLANG_ENABLE_OBJC_WEAK = YES;
				CLANG_WARN_BLOCK_CAPTURE_AUTORELEASING = YES;
				CLANG_WARN_BOOL_CONVERSION = YES;
				CLANG_WARN_COMMA = YES;
				CLANG_WARN_CONSTANT_CONVERSION = YES;
				CLANG_WARN_DEPRECATED_OBJC_IMPLEMENTATIONS = YES;
				CLANG_WARN_DIRECT_OBJC_ISA_USAGE = YES_ERROR;
				CLANG_WARN_DOCUMENTATION_COMMENTS = YES;
				CLANG_WARN_EMPTY_BODY = YES;
				CLANG_WARN_ENUM_CONVERSION = YES;
				CLANG_WARN_INFINITE_RECURSION = YES;
				CLANG_WARN_INT_CONVERSION = YES;
				CLANG_WARN_NON_LITERAL_NULL_CONVERSION = YES;
				CLANG_WARN_OBJC_IMPLICIT_RETAIN_SELF = YES;
				CLANG_WARN_OBJC_LITERAL_CONVERSION = YES;
				CLANG_WARN_OBJC_ROOT_CLASS = YES_ERROR;
				CLANG_WARN_RANGE_LOOP_ANALYSIS = YES;
				CLANG_WARN_STRICT_PROTOTYPES = YES;
				CLANG_WARN_SUSPICIOUS_MOVE = YES;
				CLANG_WARN_UNGUARDED_AVAILABILITY = YES_AGGRESSIVE;
				CLANG_WARN_UNREACHABLE_CODE = YES;
				CLANG_WARN__DUPLICATE_METHOD_MATCH = YES;
				CODE_SIGN_IDENTITY = "iPhone Developer";
				COPY_PHASE_STRIP = NO;
				DEBUG_INFORMATION_FORMAT = dwarf;
				ENABLE_STRICT_OBJC_MSGSEND = YES;
				ENABLE_TESTABILITY = YES;
				GCC_C_LANGUAGE_STANDARD = gnu11;
				GCC_DYNAMIC_NO_PIC = NO;
				GCC_NO_COMMON_BLOCKS = YES;
				GCC_OPTIMIZATION_LEVEL = 0;
				GCC_PREPROCESSOR_DEFINITIONS = (
					"DEBUG=1",
					"$(inherited)",
				);
				GCC_WARN_64_TO_32_BIT_CONVERSION = YES;
				GCC_WARN_ABOUT_RETURN_TYPE = YES_ERROR;
				GCC_WARN_UNDECLARED_SELECTOR = YES;
				GCC_WARN_UNINITIALIZED_AUTOS = YES_AGGRESSIVE;
				GCC_WARN_UNUSED_FUNCTION = YES;
				GCC_WARN_UNUSED_VARIABLE = YES;
				IPHONEOS_DEPLOYMENT_TARGET = 12.2;
				MTL_ENABLE_DEBUG_INFO = INCLUDE_SOURCE;
				MTL_FAST_MATH = YES;
				ONLY_ACTIVE_ARCH = YES;
				SDKROOT = iphoneos;
				SWIFT_ACTIVE_COMPILATION_CONDITIONS = DEBUG;
				SWIFT_OPTIMIZATION_LEVEL = "-Onone";
			};
			name = Debug;
		};
		3FCD2A2F2253EA820048B140 /* Release */ = {
			isa = XCBuildConfiguration;
			buildSettings = {
				ALWAYS_SEARCH_USER_PATHS = NO;
				CLANG_ANALYZER_NONNULL = YES;
				CLANG_ANALYZER_NUMBER_OBJECT_CONVERSION = YES_AGGRESSIVE;
				CLANG_CXX_LANGUAGE_STANDARD = "gnu++14";
				CLANG_CXX_LIBRARY = "libc++";
				CLANG_ENABLE_MODULES = YES;
				CLANG_ENABLE_OBJC_ARC = YES;
				CLANG_ENABLE_OBJC_WEAK = YES;
				CLANG_WARN_BLOCK_CAPTURE_AUTORELEASING = YES;
				CLANG_WARN_BOOL_CONVERSION = YES;
				CLANG_WARN_COMMA = YES;
				CLANG_WARN_CONSTANT_CONVERSION = YES;
				CLANG_WARN_DEPRECATED_OBJC_IMPLEMENTATIONS = YES;
				CLANG_WARN_DIRECT_OBJC_ISA_USAGE = YES_ERROR;
				CLANG_WARN_DOCUMENTATION_COMMENTS = YES;
				CLANG_WARN_EMPTY_BODY = YES;
				CLANG_WARN_ENUM_CONVERSION = YES;
				CLANG_WARN_INFINITE_RECURSION = YES;
				CLANG_WARN_INT_CONVERSION = YES;
				CLANG_WARN_NON_LITERAL_NULL_CONVERSION = YES;
				CLANG_WARN_OBJC_IMPLICIT_RETAIN_SELF = YES;
				CLANG_WARN_OBJC_LITERAL_CONVERSION = YES;
				CLANG_WARN_OBJC_ROOT_CLASS = YES_ERROR;
				CLANG_WARN_RANGE_LOOP_ANALYSIS = YES;
				CLANG_WARN_STRICT_PROTOTYPES = YES;
				CLANG_WARN_SUSPICIOUS_MOVE = YES;
				CLANG_WARN_UNGUARDED_AVAILABILITY = YES_AGGRESSIVE;
				CLANG_WARN_UNREACHABLE_CODE = YES;
				CLANG_WARN__DUPLICATE_METHOD_MATCH = YES;
				CODE_SIGN_IDENTITY = "iPhone Developer";
				COPY_PHASE_STRIP = NO;
				DEBUG_INFORMATION_FORMAT = "dwarf-with-dsym";
				ENABLE_NS_ASSERTIONS = NO;
				ENABLE_STRICT_OBJC_MSGSEND = YES;
				GCC_C_LANGUAGE_STANDARD = gnu11;
				GCC_NO_COMMON_BLOCKS = YES;
				GCC_WARN_64_TO_32_BIT_CONVERSION = YES;
				GCC_WARN_ABOUT_RETURN_TYPE = YES_ERROR;
				GCC_WARN_UNDECLARED_SELECTOR = YES;
				GCC_WARN_UNINITIALIZED_AUTOS = YES_AGGRESSIVE;
				GCC_WARN_UNUSED_FUNCTION = YES;
				GCC_WARN_UNUSED_VARIABLE = YES;
				IPHONEOS_DEPLOYMENT_TARGET = 12.2;
				MTL_ENABLE_DEBUG_INFO = NO;
				MTL_FAST_MATH = YES;
				SDKROOT = iphoneos;
				SWIFT_COMPILATION_MODE = wholemodule;
				SWIFT_OPTIMIZATION_LEVEL = "-O";
				VALIDATE_PRODUCT = YES;
			};
			name = Release;
		};
		3FCD2A312253EA820048B140 /* Debug */ = {
			isa = XCBuildConfiguration;
			buildSettings = {
				ASSETCATALOG_COMPILER_APPICON_NAME = AppIcon;
				CLANG_ENABLE_MODULES = YES;
				CODE_SIGN_STYLE = Automatic;
				DEVELOPMENT_TEAM = E9BKVZ8679;
				FRAMEWORK_SEARCH_PATHS = "/Users/gio/Documents/workspace/opencv-4.0.1/platforms/ios";
				HEADER_SEARCH_PATHS = (
					/Users/gio/Documents/workspace/rapidjson/include/,
					/Users/gio/Documents/workspace/iLocalize/iLocalize/LocalizationCore/include,
					/Users/gio/Documents/workspace/iLocalize/iLocalize/LocalizationCore/libsvm,
				);
				INFOPLIST_FILE = iNavigate/Info.plist;
				IPHONEOS_DEPLOYMENT_TARGET = 13.2;
				LD_RUNPATH_SEARCH_PATHS = (
					"$(inherited)",
					"@executable_path/Frameworks",
				);
				LIBRARY_SEARCH_PATHS = "";
				PRODUCT_BUNDLE_IDENTIFIER = ski.org.iNavigate;
				PRODUCT_NAME = "$(TARGET_NAME)";
				SWIFT_OBJC_BRIDGING_HEADER = "iNavigate/iNavigate-Bridging-Header.h";
				SWIFT_OPTIMIZATION_LEVEL = "-Onone";
				SWIFT_VERSION = 5.0;
				TARGETED_DEVICE_FAMILY = 1;
			};
			name = Debug;
		};
		3FCD2A322253EA820048B140 /* Release */ = {
			isa = XCBuildConfiguration;
			buildSettings = {
				ASSETCATALOG_COMPILER_APPICON_NAME = AppIcon;
				CLANG_ENABLE_MODULES = YES;
				CODE_SIGN_STYLE = Automatic;
				DEVELOPMENT_TEAM = E9BKVZ8679;
				FRAMEWORK_SEARCH_PATHS = "/Users/gio/Documents/workspace/opencv-4.0.1/platforms/ios";
				HEADER_SEARCH_PATHS = (
					/Users/gio/Documents/workspace/rapidjson/include/,
					/Users/gio/Documents/workspace/iLocalize/iLocalize/LocalizationCore/include,
					/Users/gio/Documents/workspace/iLocalize/iLocalize/LocalizationCore/libsvm,
				);
				INFOPLIST_FILE = iNavigate/Info.plist;
				IPHONEOS_DEPLOYMENT_TARGET = 13.2;
				LD_RUNPATH_SEARCH_PATHS = (
					"$(inherited)",
					"@executable_path/Frameworks",
				);
				LIBRARY_SEARCH_PATHS = "";
				PRODUCT_BUNDLE_IDENTIFIER = ski.org.iNavigate;
				PRODUCT_NAME = "$(TARGET_NAME)";
				SWIFT_OBJC_BRIDGING_HEADER = "iNavigate/iNavigate-Bridging-Header.h";
				SWIFT_VERSION = 5.0;
				TARGETED_DEVICE_FAMILY = 1;
			};
			name = Release;
		};
		3FCD2A342253EA820048B140 /* Debug */ = {
			isa = XCBuildConfiguration;
			buildSettings = {
				ALWAYS_EMBED_SWIFT_STANDARD_LIBRARIES = YES;
				BUNDLE_LOADER = "$(TEST_HOST)";
				CODE_SIGN_STYLE = Automatic;
				DEVELOPMENT_TEAM = E9BKVZ8679;
				INFOPLIST_FILE = iNavigateTests/Info.plist;
				LD_RUNPATH_SEARCH_PATHS = (
					"$(inherited)",
					"@executable_path/Frameworks",
					"@loader_path/Frameworks",
				);
				PRODUCT_BUNDLE_IDENTIFIER = ski.org.iNavigateTests;
				PRODUCT_NAME = "$(TARGET_NAME)";
				SWIFT_VERSION = 5.0;
				TARGETED_DEVICE_FAMILY = "1,2";
				TEST_HOST = "$(BUILT_PRODUCTS_DIR)/iNavigate.app/iNavigate";
			};
			name = Debug;
		};
		3FCD2A352253EA820048B140 /* Release */ = {
			isa = XCBuildConfiguration;
			buildSettings = {
				ALWAYS_EMBED_SWIFT_STANDARD_LIBRARIES = YES;
				BUNDLE_LOADER = "$(TEST_HOST)";
				CODE_SIGN_STYLE = Automatic;
				DEVELOPMENT_TEAM = E9BKVZ8679;
				INFOPLIST_FILE = iNavigateTests/Info.plist;
				LD_RUNPATH_SEARCH_PATHS = (
					"$(inherited)",
					"@executable_path/Frameworks",
					"@loader_path/Frameworks",
				);
				PRODUCT_BUNDLE_IDENTIFIER = ski.org.iNavigateTests;
				PRODUCT_NAME = "$(TARGET_NAME)";
				SWIFT_VERSION = 5.0;
				TARGETED_DEVICE_FAMILY = "1,2";
				TEST_HOST = "$(BUILT_PRODUCTS_DIR)/iNavigate.app/iNavigate";
			};
			name = Release;
		};
		3FCD2A372253EA820048B140 /* Debug */ = {
			isa = XCBuildConfiguration;
			buildSettings = {
				ALWAYS_EMBED_SWIFT_STANDARD_LIBRARIES = YES;
				CODE_SIGN_STYLE = Automatic;
				DEVELOPMENT_TEAM = E9BKVZ8679;
				INFOPLIST_FILE = iNavigateUITests/Info.plist;
				LD_RUNPATH_SEARCH_PATHS = (
					"$(inherited)",
					"@executable_path/Frameworks",
					"@loader_path/Frameworks",
				);
				PRODUCT_BUNDLE_IDENTIFIER = ski.org.iNavigateUITests;
				PRODUCT_NAME = "$(TARGET_NAME)";
				SWIFT_VERSION = 5.0;
				TARGETED_DEVICE_FAMILY = "1,2";
				TEST_TARGET_NAME = iNavigate;
			};
			name = Debug;
		};
		3FCD2A382253EA820048B140 /* Release */ = {
			isa = XCBuildConfiguration;
			buildSettings = {
				ALWAYS_EMBED_SWIFT_STANDARD_LIBRARIES = YES;
				CODE_SIGN_STYLE = Automatic;
				DEVELOPMENT_TEAM = E9BKVZ8679;
				INFOPLIST_FILE = iNavigateUITests/Info.plist;
				LD_RUNPATH_SEARCH_PATHS = (
					"$(inherited)",
					"@executable_path/Frameworks",
					"@loader_path/Frameworks",
				);
				PRODUCT_BUNDLE_IDENTIFIER = ski.org.iNavigateUITests;
				PRODUCT_NAME = "$(TARGET_NAME)";
				SWIFT_VERSION = 5.0;
				TARGETED_DEVICE_FAMILY = "1,2";
				TEST_TARGET_NAME = iNavigate;
			};
			name = Release;
		};
/* End XCBuildConfiguration section */

/* Begin XCConfigurationList section */
		3FCD29FF2253EA800048B140 /* Build configuration list for PBXProject "iNavigate" */ = {
			isa = XCConfigurationList;
			buildConfigurations = (
				3FCD2A2E2253EA820048B140 /* Debug */,
				3FCD2A2F2253EA820048B140 /* Release */,
			);
			defaultConfigurationIsVisible = 0;
			defaultConfigurationName = Release;
		};
		3FCD2A302253EA820048B140 /* Build configuration list for PBXNativeTarget "iNavigate" */ = {
			isa = XCConfigurationList;
			buildConfigurations = (
				3FCD2A312253EA820048B140 /* Debug */,
				3FCD2A322253EA820048B140 /* Release */,
			);
			defaultConfigurationIsVisible = 0;
			defaultConfigurationName = Release;
		};
		3FCD2A332253EA820048B140 /* Build configuration list for PBXNativeTarget "iNavigateTests" */ = {
			isa = XCConfigurationList;
			buildConfigurations = (
				3FCD2A342253EA820048B140 /* Debug */,
				3FCD2A352253EA820048B140 /* Release */,
			);
			defaultConfigurationIsVisible = 0;
			defaultConfigurationName = Release;
		};
		3FCD2A362253EA820048B140 /* Build configuration list for PBXNativeTarget "iNavigateUITests" */ = {
			isa = XCConfigurationList;
			buildConfigurations = (
				3FCD2A372253EA820048B140 /* Debug */,
				3FCD2A382253EA820048B140 /* Release */,
			);
			defaultConfigurationIsVisible = 0;
			defaultConfigurationName = Release;
		};
/* End XCConfigurationList section */
	};
	rootObject = 3FCD29FC2253EA800048B140 /* Project object */;
}
